
Microsoft Visual Studio Solution File, Format Version 12.00
# Visual Studio Version 17
VisualStudioVersion = 17.7.34031.279
MinimumVisualStudioVersion = 10.0.40219.1
Project("{9A19103F-16F7-4668-BE54-9A1E7A4F7556}") = "MeMawKNowsBestCrime", "MeMawKNowsBestCrime\MeMawKNowsBestCrime.csproj", "{76AF881E-5DE8-4E7A-B420-A18C496DEE22}"
EndProject
Project("{9A19103F-16F7-4668-BE54-9A1E7A4F7556}") = "MeMawKnowsBestCrimeAPI", "MeMawKnowsBestCrimeAPI\MeMawKnowsBestCrimeAPI.csproj", "{A752873D-C3CA-40A5-A038-1A1E7D2B0676}"
EndProject
Project("{FAE04EC0-301F-11D3-BF4B-00C04F79EFBC}") = "Census", "Census\Census.csproj", "{A4A569ED-D460-41B1-94E8-8DBC27A1016B}"
EndProject
Global
	GlobalSection(SolutionConfigurationPlatforms) = preSolution
		Debug|Any CPU = Debug|Any CPU
		Release|Any CPU = Release|Any CPU
	EndGlobalSection
	GlobalSection(ProjectConfigurationPlatforms) = postSolution
		{76AF881E-5DE8-4E7A-B420-A18C496DEE22}.Debug|Any CPU.ActiveCfg = Debug|Any CPU
		{76AF881E-5DE8-4E7A-B420-A18C496DEE22}.Debug|Any CPU.Build.0 = Debug|Any CPU
		{76AF881E-5DE8-4E7A-B420-A18C496DEE22}.Release|Any CPU.ActiveCfg = Release|Any CPU
		{76AF881E-5DE8-4E7A-B420-A18C496DEE22}.Release|Any CPU.Build.0 = Release|Any CPU
		{A752873D-C3CA-40A5-A038-1A1E7D2B0676}.Debug|Any CPU.ActiveCfg = Debug|Any CPU
		{A752873D-C3CA-40A5-A038-1A1E7D2B0676}.Debug|Any CPU.Build.0 = Debug|Any CPU
		{A752873D-C3CA-40A5-A038-1A1E7D2B0676}.Release|Any CPU.ActiveCfg = Release|Any CPU
		{A752873D-C3CA-40A5-A038-1A1E7D2B0676}.Release|Any CPU.Build.0 = Release|Any CPU
		{A4A569ED-D460-41B1-94E8-8DBC27A1016B}.Debug|Any CPU.ActiveCfg = Debug|Any CPU
		{A4A569ED-D460-41B1-94E8-8DBC27A1016B}.Debug|Any CPU.Build.0 = Debug|Any CPU
		{A4A569ED-D460-41B1-94E8-8DBC27A1016B}.Release|Any CPU.ActiveCfg = Release|Any CPU
		{A4A569ED-D460-41B1-94E8-8DBC27A1016B}.Release|Any CPU.Build.0 = Release|Any CPU
	EndGlobalSection
	GlobalSection(SolutionProperties) = preSolution
		HideSolutionNode = FALSE
	EndGlobalSection
	GlobalSection(ExtensibilityGlobals) = postSolution
		SolutionGuid = {2B36E5B3-E0F9-42EB-97AD-4B2069F06170}
	EndGlobalSection
EndGlobal
